// !$*UTF8*$!
{
	archiveVersion = 1;
	classes = {
	};
	objectVersion = 51;
	objects = {

/* Begin PBXBuildFile section */
		0673314958E0843C7870949D /* Pods_EWB.framework in Frameworks */ = {isa = PBXBuildFile; fileRef = 95830125B9CD643FA49083E4 /* Pods_EWB.framework */; };
		644BFE2625329CDE0075ED98 /* final_covid_model.mlmodel in Sources */ = {isa = PBXBuildFile; fileRef = 644BFE2525329CDD0075ED98 /* final_covid_model.mlmodel */; };
		644BFE2825329CF10075ED98 /* final_heart_model.mlmodel in Sources */ = {isa = PBXBuildFile; fileRef = 644BFE2725329CF10075ED98 /* final_heart_model.mlmodel */; };
		AC755A90247191DA00E3A766 /* GoogleService-Info.plist in Resources */ = {isa = PBXBuildFile; fileRef = AC755A8F247191DA00E3A766 /* GoogleService-Info.plist */; };
		AC755A922471BCAB00E3A766 /* loginViewController.swift in Sources */ = {isa = PBXBuildFile; fileRef = AC755A912471BCAB00E3A766 /* loginViewController.swift */; };
		AC755A942471BCD400E3A766 /* SignUpViewController.swift in Sources */ = {isa = PBXBuildFile; fileRef = AC755A932471BCD400E3A766 /* SignUpViewController.swift */; };
		AC755A962471BCFE00E3A766 /* homeViewController.swift in Sources */ = {isa = PBXBuildFile; fileRef = AC755A952471BCFE00E3A766 /* homeViewController.swift */; };
		AC755A982471D28000E3A766 /* quizViewController.swift in Sources */ = {isa = PBXBuildFile; fileRef = AC755A972471D28000E3A766 /* quizViewController.swift */; };
		AC755A9A2471D2F500E3A766 /* QuestionBank.swift in Sources */ = {isa = PBXBuildFile; fileRef = AC755A992471D2F500E3A766 /* QuestionBank.swift */; };
		AC755A9C2471D7A800E3A766 /* Question.swift in Sources */ = {isa = PBXBuildFile; fileRef = AC755A9B2471D7A800E3A766 /* Question.swift */; };
		AC755AA02471F97B00E3A766 /* profileViewController.swift in Sources */ = {isa = PBXBuildFile; fileRef = AC755A9F2471F97B00E3A766 /* profileViewController.swift */; };
		AC755AA224720D7300E3A766 /* Utilities.swift in Sources */ = {isa = PBXBuildFile; fileRef = AC755AA124720D7300E3A766 /* Utilities.swift */; };
		AC755AA424720D8900E3A766 /* Constants.swift in Sources */ = {isa = PBXBuildFile; fileRef = AC755AA324720D8900E3A766 /* Constants.swift */; };
		AC755AA624721BDD00E3A766 /* QuizStartController.swift in Sources */ = {isa = PBXBuildFile; fileRef = AC755AA524721BDD00E3A766 /* QuizStartController.swift */; };
		AC85AF3F24714F02000DE823 /* AppDelegate.swift in Sources */ = {isa = PBXBuildFile; fileRef = AC85AF3E24714F02000DE823 /* AppDelegate.swift */; };
		AC85AF4124714F02000DE823 /* SceneDelegate.swift in Sources */ = {isa = PBXBuildFile; fileRef = AC85AF4024714F02000DE823 /* SceneDelegate.swift */; };
		AC85AF4324714F02000DE823 /* ViewController.swift in Sources */ = {isa = PBXBuildFile; fileRef = AC85AF4224714F02000DE823 /* ViewController.swift */; };
		AC85AF4624714F02000DE823 /* Main.storyboard in Resources */ = {isa = PBXBuildFile; fileRef = AC85AF4424714F02000DE823 /* Main.storyboard */; };
		AC85AF4824714F04000DE823 /* Assets.xcassets in Resources */ = {isa = PBXBuildFile; fileRef = AC85AF4724714F04000DE823 /* Assets.xcassets */; };
		AC85AF4B24714F04000DE823 /* LaunchScreen.storyboard in Resources */ = {isa = PBXBuildFile; fileRef = AC85AF4924714F04000DE823 /* LaunchScreen.storyboard */; };
/* End PBXBuildFile section */

/* Begin PBXFileReference section */
		339D62B780A2B3CF193B9F57 /* Pods-EWB.release.xcconfig */ = {isa = PBXFileReference; includeInIndex = 1; lastKnownFileType = text.xcconfig; name = "Pods-EWB.release.xcconfig"; path = "Target Support Files/Pods-EWB/Pods-EWB.release.xcconfig"; sourceTree = "<group>"; };
		644BFE2525329CDD0075ED98 /* final_covid_model.mlmodel */ = {isa = PBXFileReference; lastKnownFileType = file.mlmodel; path = final_covid_model.mlmodel; sourceTree = "<group>"; };
		644BFE2725329CF10075ED98 /* final_heart_model.mlmodel */ = {isa = PBXFileReference; lastKnownFileType = file.mlmodel; path = final_heart_model.mlmodel; sourceTree = "<group>"; };
		8BE3C1C3246F5F51E0866FD8 /* Pods-EWB.debug.xcconfig */ = {isa = PBXFileReference; includeInIndex = 1; lastKnownFileType = text.xcconfig; name = "Pods-EWB.debug.xcconfig"; path = "Target Support Files/Pods-EWB/Pods-EWB.debug.xcconfig"; sourceTree = "<group>"; };
		95830125B9CD643FA49083E4 /* Pods_EWB.framework */ = {isa = PBXFileReference; explicitFileType = wrapper.framework; includeInIndex = 0; path = Pods_EWB.framework; sourceTree = BUILT_PRODUCTS_DIR; };
		AC755A8F247191DA00E3A766 /* GoogleService-Info.plist */ = {isa = PBXFileReference; fileEncoding = 4; lastKnownFileType = text.plist.xml; path = "GoogleService-Info.plist"; sourceTree = "<group>"; };
		AC755A912471BCAB00E3A766 /* loginViewController.swift */ = {isa = PBXFileReference; lastKnownFileType = sourcecode.swift; path = loginViewController.swift; sourceTree = "<group>"; };
		AC755A932471BCD400E3A766 /* SignUpViewController.swift */ = {isa = PBXFileReference; lastKnownFileType = sourcecode.swift; path = SignUpViewController.swift; sourceTree = "<group>"; };
		AC755A952471BCFE00E3A766 /* homeViewController.swift */ = {isa = PBXFileReference; lastKnownFileType = sourcecode.swift; path = homeViewController.swift; sourceTree = "<group>"; };
		AC755A972471D28000E3A766 /* quizViewController.swift */ = {isa = PBXFileReference; lastKnownFileType = sourcecode.swift; path = quizViewController.swift; sourceTree = "<group>"; };
		AC755A992471D2F500E3A766 /* QuestionBank.swift */ = {isa = PBXFileReference; lastKnownFileType = sourcecode.swift; path = QuestionBank.swift; sourceTree = "<group>"; };
		AC755A9B2471D7A800E3A766 /* Question.swift */ = {isa = PBXFileReference; lastKnownFileType = sourcecode.swift; path = Question.swift; sourceTree = "<group>"; };
		AC755A9F2471F97B00E3A766 /* profileViewController.swift */ = {isa = PBXFileReference; lastKnownFileType = sourcecode.swift; path = profileViewController.swift; sourceTree = "<group>"; };
		AC755AA124720D7300E3A766 /* Utilities.swift */ = {isa = PBXFileReference; lastKnownFileType = sourcecode.swift; path = Utilities.swift; sourceTree = "<group>"; };
		AC755AA324720D8900E3A766 /* Constants.swift */ = {isa = PBXFileReference; lastKnownFileType = sourcecode.swift; path = Constants.swift; sourceTree = "<group>"; };
		AC755AA524721BDD00E3A766 /* QuizStartController.swift */ = {isa = PBXFileReference; lastKnownFileType = sourcecode.swift; path = QuizStartController.swift; sourceTree = "<group>"; };
		AC85AF3B24714F02000DE823 /* EWB.app */ = {isa = PBXFileReference; explicitFileType = wrapper.application; includeInIndex = 0; path = EWB.app; sourceTree = BUILT_PRODUCTS_DIR; };
		AC85AF3E24714F02000DE823 /* AppDelegate.swift */ = {isa = PBXFileReference; lastKnownFileType = sourcecode.swift; path = AppDelegate.swift; sourceTree = "<group>"; };
		AC85AF4024714F02000DE823 /* SceneDelegate.swift */ = {isa = PBXFileReference; lastKnownFileType = sourcecode.swift; path = SceneDelegate.swift; sourceTree = "<group>"; };
		AC85AF4224714F02000DE823 /* ViewController.swift */ = {isa = PBXFileReference; lastKnownFileType = sourcecode.swift; path = ViewController.swift; sourceTree = "<group>"; };
		AC85AF4524714F02000DE823 /* Base */ = {isa = PBXFileReference; lastKnownFileType = file.storyboard; name = Base; path = Base.lproj/Main.storyboard; sourceTree = "<group>"; };
		AC85AF4724714F04000DE823 /* Assets.xcassets */ = {isa = PBXFileReference; lastKnownFileType = folder.assetcatalog; path = Assets.xcassets; sourceTree = "<group>"; };
		AC85AF4A24714F04000DE823 /* Base */ = {isa = PBXFileReference; lastKnownFileType = file.storyboard; name = Base; path = Base.lproj/LaunchScreen.storyboard; sourceTree = "<group>"; };
		AC85AF4C24714F04000DE823 /* Info.plist */ = {isa = PBXFileReference; lastKnownFileType = text.plist.xml; path = Info.plist; sourceTree = "<group>"; };
/* End PBXFileReference section */

/* Begin PBXFrameworksBuildPhase section */
		AC85AF3824714F02000DE823 /* Frameworks */ = {
			isa = PBXFrameworksBuildPhase;
			buildActionMask = 2147483647;
			files = (
				0673314958E0843C7870949D /* Pods_EWB.framework in Frameworks */,
			);
			runOnlyForDeploymentPostprocessing = 0;
		};
/* End PBXFrameworksBuildPhase section */

/* Begin PBXGroup section */
		423CD074B89DD0DFCBD73A48 /* Frameworks */ = {
			isa = PBXGroup;
			children = (
				95830125B9CD643FA49083E4 /* Pods_EWB.framework */,
			);
			name = Frameworks;
			sourceTree = "<group>";
		};
		AC85AF3224714F02000DE823 = {
			isa = PBXGroup;
			children = (
				AC85AF3D24714F02000DE823 /* EWB */,
				AC85AF3C24714F02000DE823 /* Products */,
				D5234FAE64FB431121416AAE /* Pods */,
				423CD074B89DD0DFCBD73A48 /* Frameworks */,
			);
			sourceTree = "<group>";
		};
		AC85AF3C24714F02000DE823 /* Products */ = {
			isa = PBXGroup;
			children = (
				AC85AF3B24714F02000DE823 /* EWB.app */,
			);
			name = Products;
			sourceTree = "<group>";
		};
		AC85AF3D24714F02000DE823 /* EWB */ = {
			isa = PBXGroup;
			children = (
				AC85AF3E24714F02000DE823 /* AppDelegate.swift */,
				AC85AF4024714F02000DE823 /* SceneDelegate.swift */,
				AC85AF4224714F02000DE823 /* ViewController.swift */,
				AC755A912471BCAB00E3A766 /* loginViewController.swift */,
				AC755A932471BCD400E3A766 /* SignUpViewController.swift */,
				AC755A952471BCFE00E3A766 /* homeViewController.swift */,
				AC755AA324720D8900E3A766 /* Constants.swift */,
				AC85AF4424714F02000DE823 /* Main.storyboard */,
				AC755AA124720D7300E3A766 /* Utilities.swift */,
				AC755A9F2471F97B00E3A766 /* profileViewController.swift */,
				AC755A992471D2F500E3A766 /* QuestionBank.swift */,
				AC755A9B2471D7A800E3A766 /* Question.swift */,
				AC755A972471D28000E3A766 /* quizViewController.swift */,
				AC755AA524721BDD00E3A766 /* QuizStartController.swift */,
				AC85AF4724714F04000DE823 /* Assets.xcassets */,
				AC85AF4924714F04000DE823 /* LaunchScreen.storyboard */,
				644BFE2725329CF10075ED98 /* final_heart_model.mlmodel */,
				644BFE2525329CDD0075ED98 /* final_covid_model.mlmodel */,
				AC85AF4C24714F04000DE823 /* Info.plist */,
				AC755A8F247191DA00E3A766 /* GoogleService-Info.plist */,
			);
			path = EWB;
			sourceTree = "<group>";
		};
		D5234FAE64FB431121416AAE /* Pods */ = {
			isa = PBXGroup;
			children = (
				8BE3C1C3246F5F51E0866FD8 /* Pods-EWB.debug.xcconfig */,
				339D62B780A2B3CF193B9F57 /* Pods-EWB.release.xcconfig */,
			);
			path = Pods;
			sourceTree = "<group>";
		};
/* End PBXGroup section */

/* Begin PBXNativeTarget section */
		AC85AF3A24714F02000DE823 /* EWB */ = {
			isa = PBXNativeTarget;
			buildConfigurationList = AC85AF4F24714F04000DE823 /* Build configuration list for PBXNativeTarget "EWB" */;
			buildPhases = (
				A75E26C8D9CB8148AFF7A62E /* [CP] Check Pods Manifest.lock */,
				AC85AF3724714F02000DE823 /* Sources */,
				AC85AF3824714F02000DE823 /* Frameworks */,
				AC85AF3924714F02000DE823 /* Resources */,
				D74AB26AAB73375800B89E03 /* [CP] Embed Pods Frameworks */,
			);
			buildRules = (
			);
			dependencies = (
			);
			name = EWB;
			productName = EWB;
			productReference = AC85AF3B24714F02000DE823 /* EWB.app */;
			productType = "com.apple.product-type.application";
		};
/* End PBXNativeTarget section */

/* Begin PBXProject section */
		AC85AF3324714F02000DE823 /* Project object */ = {
			isa = PBXProject;
			attributes = {
				LastSwiftUpdateCheck = 1140;
				LastUpgradeCheck = 1140;
				ORGANIZATIONNAME = "Ritik Suryawanshi";
				TargetAttributes = {
					AC85AF3A24714F02000DE823 = {
						CreatedOnToolsVersion = 11.4.1;
					};
				};
			};
			buildConfigurationList = AC85AF3624714F02000DE823 /* Build configuration list for PBXProject "EWB" */;
			compatibilityVersion = "Xcode 9.3";
			developmentRegion = en;
			hasScannedForEncodings = 0;
			knownRegions = (
				en,
				Base,
			);
			mainGroup = AC85AF3224714F02000DE823;
			productRefGroup = AC85AF3C24714F02000DE823 /* Products */;
			projectDirPath = "";
			projectRoot = "";
			targets = (
				AC85AF3A24714F02000DE823 /* EWB */,
			);
		};
/* End PBXProject section */

/* Begin PBXResourcesBuildPhase section */
		AC85AF3924714F02000DE823 /* Resources */ = {
			isa = PBXResourcesBuildPhase;
			buildActionMask = 2147483647;
			files = (
				AC85AF4B24714F04000DE823 /* LaunchScreen.storyboard in Resources */,
				AC85AF4824714F04000DE823 /* Assets.xcassets in Resources */,
				AC755A90247191DA00E3A766 /* GoogleService-Info.plist in Resources */,
				AC85AF4624714F02000DE823 /* Main.storyboard in Resources */,
			);
			runOnlyForDeploymentPostprocessing = 0;
		};
/* End PBXResourcesBuildPhase section */

/* Begin PBXShellScriptBuildPhase section */
		A75E26C8D9CB8148AFF7A62E /* [CP] Check Pods Manifest.lock */ = {
			isa = PBXShellScriptBuildPhase;
			buildActionMask = 2147483647;
			files = (
			);
			inputFileListPaths = (
			);
			inputPaths = (
				"${PODS_PODFILE_DIR_PATH}/Podfile.lock",
				"${PODS_ROOT}/Manifest.lock",
			);
			name = "[CP] Check Pods Manifest.lock";
			outputFileListPaths = (
			);
			outputPaths = (
				"$(DERIVED_FILE_DIR)/Pods-EWB-checkManifestLockResult.txt",
			);
			runOnlyForDeploymentPostprocessing = 0;
			shellPath = /bin/sh;
			shellScript = "diff \"${PODS_PODFILE_DIR_PATH}/Podfile.lock\" \"${PODS_ROOT}/Manifest.lock\" > /dev/null\nif [ $? != 0 ] ; then\n    # print error to STDERR\n    echo \"error: The sandbox is not in sync with the Podfile.lock. Run 'pod install' or update your CocoaPods installation.\" >&2\n    exit 1\nfi\n# This output is used by Xcode 'outputs' to avoid re-running this script phase.\necho \"SUCCESS\" > \"${SCRIPT_OUTPUT_FILE_0}\"\n";
			showEnvVarsInLog = 0;
		};
		D74AB26AAB73375800B89E03 /* [CP] Embed Pods Frameworks */ = {
			isa = PBXShellScriptBuildPhase;
			buildActionMask = 2147483647;
			files = (
			);
			inputFileListPaths = (
				"${PODS_ROOT}/Target Support Files/Pods-EWB/Pods-EWB-frameworks-${CONFIGURATION}-input-files.xcfilelist",
			);
			name = "[CP] Embed Pods Frameworks";
			outputFileListPaths = (
				"${PODS_ROOT}/Target Support Files/Pods-EWB/Pods-EWB-frameworks-${CONFIGURATION}-output-files.xcfilelist",
			);
			runOnlyForDeploymentPostprocessing = 0;
			shellPath = /bin/sh;
			shellScript = "\"${PODS_ROOT}/Target Support Files/Pods-EWB/Pods-EWB-frameworks.sh\"\n";
			showEnvVarsInLog = 0;
		};
/* End PBXShellScriptBuildPhase section */

/* Begin PBXSourcesBuildPhase section */
		AC85AF3724714F02000DE823 /* Sources */ = {
			isa = PBXSourcesBuildPhase;
			buildActionMask = 2147483647;
			files = (
				AC755A942471BCD400E3A766 /* SignUpViewController.swift in Sources */,
				AC755A9A2471D2F500E3A766 /* QuestionBank.swift in Sources */,
				AC755AA224720D7300E3A766 /* Utilities.swift in Sources */,
				AC755A962471BCFE00E3A766 /* homeViewController.swift in Sources */,
				AC755A9C2471D7A800E3A766 /* Question.swift in Sources */,
				AC755A922471BCAB00E3A766 /* loginViewController.swift in Sources */,
				AC755A982471D28000E3A766 /* quizViewController.swift in Sources */,
				AC85AF4324714F02000DE823 /* ViewController.swift in Sources */,
				644BFE2825329CF10075ED98 /* final_heart_model.mlmodel in Sources */,
				AC85AF3F24714F02000DE823 /* AppDelegate.swift in Sources */,
				644BFE2625329CDE0075ED98 /* final_covid_model.mlmodel in Sources */,
				AC755AA02471F97B00E3A766 /* profileViewController.swift in Sources */,
				AC755AA624721BDD00E3A766 /* QuizStartController.swift in Sources */,
				AC85AF4124714F02000DE823 /* SceneDelegate.swift in Sources */,
				AC755AA424720D8900E3A766 /* Constants.swift in Sources */,
			);
			runOnlyForDeploymentPostprocessing = 0;
		};
/* End PBXSourcesBuildPhase section */

/* Begin PBXVariantGroup section */
		AC85AF4424714F02000DE823 /* Main.storyboard */ = {
			isa = PBXVariantGroup;
			children = (
				AC85AF4524714F02000DE823 /* Base */,
			);
			name = Main.storyboard;
			sourceTree = "<group>";
		};
		AC85AF4924714F04000DE823 /* LaunchScreen.storyboard */ = {
			isa = PBXVariantGroup;
			children = (
				AC85AF4A24714F04000DE823 /* Base */,
			);
			name = LaunchScreen.storyboard;
			sourceTree = "<group>";
		};
/* End PBXVariantGroup section */

/* Begin XCBuildConfiguration section */
		AC85AF4D24714F04000DE823 /* Debug */ = {
			isa = XCBuildConfiguration;
			buildSettings = {
				ALWAYS_SEARCH_USER_PATHS = NO;
				CLANG_ANALYZER_NONNULL = YES;
				CLANG_ANALYZER_NUMBER_OBJECT_CONVERSION = YES_AGGRESSIVE;
				CLANG_CXX_LANGUAGE_STANDARD = "gnu++14";
				CLANG_CXX_LIBRARY = "libc++";
				CLANG_ENABLE_MODULES = YES;
				CLANG_ENABLE_OBJC_ARC = YES;
				CLANG_ENABLE_OBJC_WEAK = YES;
				CLANG_WARN_BLOCK_CAPTURE_AUTORELEASING = YES;
				CLANG_WARN_BOOL_CONVERSION = YES;
				CLANG_WARN_COMMA = YES;
				CLANG_WARN_CONSTANT_CONVERSION = YES;
				CLANG_WARN_DEPRECATED_OBJC_IMPLEMENTATIONS = YES;
				CLANG_WARN_DIRECT_OBJC_ISA_USAGE = YES_ERROR;
				CLANG_WARN_DOCUMENTATION_COMMENTS = YES;
				CLANG_WARN_EMPTY_BODY = YES;
				CLANG_WARN_ENUM_CONVERSION = YES;
				CLANG_WARN_INFINITE_RECURSION = YES;
				CLANG_WARN_INT_CONVERSION = YES;
				CLANG_WARN_NON_LITERAL_NULL_CONVERSION = YES;
				CLANG_WARN_OBJC_IMPLICIT_RETAIN_SELF = YES;
				CLANG_WARN_OBJC_LITERAL_CONVERSION = YES;
				CLANG_WARN_OBJC_ROOT_CLASS = YES_ERROR;
				CLANG_WARN_RANGE_LOOP_ANALYSIS = YES;
				CLANG_WARN_STRICT_PROTOTYPES = YES;
				CLANG_WARN_SUSPICIOUS_MOVE = YES;
				CLANG_WARN_UNGUARDED_AVAILABILITY = YES_AGGRESSIVE;
				CLANG_WARN_UNREACHABLE_CODE = YES;
				CLANG_WARN__DUPLICATE_METHOD_MATCH = YES;
				COPY_PHASE_STRIP = NO;
				DEBUG_INFORMATION_FORMAT = dwarf;
				ENABLE_STRICT_OBJC_MSGSEND = YES;
				ENABLE_TESTABILITY = YES;
				GCC_C_LANGUAGE_STANDARD = gnu11;
				GCC_DYNAMIC_NO_PIC = NO;
				GCC_NO_COMMON_BLOCKS = YES;
				GCC_OPTIMIZATION_LEVEL = 0;
				GCC_PREPROCESSOR_DEFINITIONS = (
					"DEBUG=1",
					"$(inherited)",
				);
				GCC_WARN_64_TO_32_BIT_CONVERSION = YES;
				GCC_WARN_ABOUT_RETURN_TYPE = YES_ERROR;
				GCC_WARN_UNDECLARED_SELECTOR = YES;
				GCC_WARN_UNINITIALIZED_AUTOS = YES_AGGRESSIVE;
				GCC_WARN_UNUSED_FUNCTION = YES;
				GCC_WARN_UNUSED_VARIABLE = YES;
				IPHONEOS_DEPLOYMENT_TARGET = 13.4;
				MTL_ENABLE_DEBUG_INFO = INCLUDE_SOURCE;
				MTL_FAST_MATH = YES;
				ONLY_ACTIVE_ARCH = YES;
				SDKROOT = iphoneos;
				SWIFT_ACTIVE_COMPILATION_CONDITIONS = DEBUG;
				SWIFT_OPTIMIZATION_LEVEL = "-Onone";
			};
			name = Debug;
		};
		AC85AF4E24714F04000DE823 /* Release */ = {
			isa = XCBuildConfiguration;
			buildSettings = {
				ALWAYS_SEARCH_USER_PATHS = NO;
				CLANG_ANALYZER_NONNULL = YES;
				CLANG_ANALYZER_NUMBER_OBJECT_CONVERSION = YES_AGGRESSIVE;
				CLANG_CXX_LANGUAGE_STANDARD = "gnu++14";
				CLANG_CXX_LIBRARY = "libc++";
				CLANG_ENABLE_MODULES = YES;
				CLANG_ENABLE_OBJC_ARC = YES;
				CLANG_ENABLE_OBJC_WEAK = YES;
				CLANG_WARN_BLOCK_CAPTURE_AUTORELEASING = YES;
				CLANG_WARN_BOOL_CONVERSION = YES;
				CLANG_WARN_COMMA = YES;
				CLANG_WARN_CONSTANT_CONVERSION = YES;
				CLANG_WARN_DEPRECATED_OBJC_IMPLEMENTATIONS = YES;
				CLANG_WARN_DIRECT_OBJC_ISA_USAGE = YES_ERROR;
				CLANG_WARN_DOCUMENTATION_COMMENTS = YES;
				CLANG_WARN_EMPTY_BODY = YES;
				CLANG_WARN_ENUM_CONVERSION = YES;
				CLANG_WARN_INFINITE_RECURSION = YES;
				CLANG_WARN_INT_CONVERSION = YES;
				CLANG_WARN_NON_LITERAL_NULL_CONVERSION = YES;
				CLANG_WARN_OBJC_IMPLICIT_RETAIN_SELF = YES;
				CLANG_WARN_OBJC_LITERAL_CONVERSION = YES;
				CLANG_WARN_OBJC_ROOT_CLASS = YES_ERROR;
				CLANG_WARN_RANGE_LOOP_ANALYSIS = YES;
				CLANG_WARN_STRICT_PROTOTYPES = YES;
				CLANG_WARN_SUSPICIOUS_MOVE = YES;
				CLANG_WARN_UNGUARDED_AVAILABILITY = YES_AGGRESSIVE;
				CLANG_WARN_UNREACHABLE_CODE = YES;
				CLANG_WARN__DUPLICATE_METHOD_MATCH = YES;
				COPY_PHASE_STRIP = NO;
				DEBUG_INFORMATION_FORMAT = "dwarf-with-dsym";
				ENABLE_NS_ASSERTIONS = NO;
				ENABLE_STRICT_OBJC_MSGSEND = YES;
				GCC_C_LANGUAGE_STANDARD = gnu11;
				GCC_NO_COMMON_BLOCKS = YES;
				GCC_WARN_64_TO_32_BIT_CONVERSION = YES;
				GCC_WARN_ABOUT_RETURN_TYPE = YES_ERROR;
				GCC_WARN_UNDECLARED_SELECTOR = YES;
				GCC_WARN_UNINITIALIZED_AUTOS = YES_AGGRESSIVE;
				GCC_WARN_UNUSED_FUNCTION = YES;
				GCC_WARN_UNUSED_VARIABLE = YES;
				IPHONEOS_DEPLOYMENT_TARGET = 13.4;
				MTL_ENABLE_DEBUG_INFO = NO;
				MTL_FAST_MATH = YES;
				SDKROOT = iphoneos;
				SWIFT_COMPILATION_MODE = wholemodule;
				SWIFT_OPTIMIZATION_LEVEL = "-O";
				VALIDATE_PRODUCT = YES;
			};
			name = Release;
		};
		AC85AF5024714F04000DE823 /* Debug */ = {
			isa = XCBuildConfiguration;
			baseConfigurationReference = 8BE3C1C3246F5F51E0866FD8 /* Pods-EWB.debug.xcconfig */;
			buildSettings = {
				ASSETCATALOG_COMPILER_APPICON_NAME = AppIcon;
				CODE_SIGN_STYLE = Automatic;
				DEVELOPMENT_TEAM = 3J5VB57DAA;
				INFOPLIST_FILE = EWB/Info.plist;
				LD_RUNPATH_SEARCH_PATHS = (
					"$(inherited)",
					"@executable_path/Frameworks",
				);
				PRODUCT_BUNDLE_IDENTIFIER = ritik.suryawanshi.EWB;
				PRODUCT_NAME = "$(TARGET_NAME)";
				SWIFT_VERSION = 5.0;
				TARGETED_DEVICE_FAMILY = "1,2";
			};
			name = Debug;
		};
		AC85AF5124714F04000DE823 /* Release */ = {
			isa = XCBuildConfiguration;
			baseConfigurationReference = 339D62B780A2B3CF193B9F57 /* Pods-EWB.release.xcconfig */;
			buildSettings = {
				ASSETCATALOG_COMPILER_APPICON_NAME = AppIcon;
				CODE_SIGN_STYLE = Automatic;
				DEVELOPMENT_TEAM = 3J5VB57DAA;
				INFOPLIST_FILE = EWB/Info.plist;
				LD_RUNPATH_SEARCH_PATHS = (
					"$(inherited)",
					"@executable_path/Frameworks",
				);
				PRODUCT_BUNDLE_IDENTIFIER = ritik.suryawanshi.EWB;
				PRODUCT_NAME = "$(TARGET_NAME)";
				SWIFT_VERSION = 5.0;
				TARGETED_DEVICE_FAMILY = "1,2";
			};
			name = Release;
		};
/* End XCBuildConfiguration section */

/* Begin XCConfigurationList section */
		AC85AF3624714F02000DE823 /* Build configuration list for PBXProject "EWB" */ = {
			isa = XCConfigurationList;
			buildConfigurations = (
				AC85AF4D24714F04000DE823 /* Debug */,
				AC85AF4E24714F04000DE823 /* Release */,
			);
			defaultConfigurationIsVisible = 0;
			defaultConfigurationName = Release;
		};
		AC85AF4F24714F04000DE823 /* Build configuration list for PBXNativeTarget "EWB" */ = {
			isa = XCConfigurationList;
			buildConfigurations = (
				AC85AF5024714F04000DE823 /* Debug */,
				AC85AF5124714F04000DE823 /* Release */,
			);
			defaultConfigurationIsVisible = 0;
			defaultConfigurationName = Release;
		};
/* End XCConfigurationList section */
	};
	rootObject = AC85AF3324714F02000DE823 /* Project object */;
}
